
Microsoft Visual Studio Solution File, Format Version 12.00
Project("{FAE04EC0-301F-11D3-BF4B-00C04F79EFBC}") = "EasyCoreAPI", "EasyCoreAPI\EasyCoreAPI.csproj", "{0C37B60C-C9A8-404D-9FB9-8F6D16E1144A}"
EndProject
Global
	GlobalSection(SolutionConfigurationPlatforms) = preSolution
		Debug|Any CPU = Debug|Any CPU
		Release|Any CPU = Release|Any CPU
	EndGlobalSection
	GlobalSection(ProjectConfigurationPlatforms) = postSolution
		{0C37B60C-C9A8-404D-9FB9-8F6D16E1144A}.Debug|Any CPU.ActiveCfg = Debug|Any CPU
		{0C37B60C-C9A8-404D-9FB9-8F6D16E1144A}.Debug|Any CPU.Build.0 = Debug|Any CPU
		{0C37B60C-C9A8-404D-9FB9-8F6D16E1144A}.Release|Any CPU.ActiveCfg = Release|Any CPU
		{0C37B60C-C9A8-404D-9FB9-8F6D16E1144A}.Release|Any CPU.Build.0 = Release|Any CPU
	EndGlobalSection
EndGlobal
